
Microsoft Visual Studio Solution File, Format Version 12.00
# Visual Studio Version 17
VisualStudioVersion = 17.14.36915.13 d17.14
MinimumVisualStudioVersion = 10.0.40219.1
Project("{FAE04EC0-301F-11D3-BF4B-00C04F79EFBC}") = "part1-prog6221", "part1-prog6221\part1-prog6221.csproj", "{772652BE-61E1-4A6D-BF76-673EB9FEA8FF}"
EndProject
Global
	GlobalSection(SolutionConfigurationPlatforms) = preSolution
		Debug|Any CPU = Debug|Any CPU
		Release|Any CPU = Release|Any CPU
	EndGlobalSection
	GlobalSection(ProjectConfigurationPlatforms) = postSolution
		{772652BE-61E1-4A6D-BF76-673EB9FEA8FF}.Debug|Any CPU.ActiveCfg = Debug|Any CPU
		{772652BE-61E1-4A6D-BF76-673EB9FEA8FF}.Debug|Any CPU.Build.0 = Debug|Any CPU
		{772652BE-61E1-4A6D-BF76-673EB9FEA8FF}.Release|Any CPU.ActiveCfg = Release|Any CPU
		{772652BE-61E1-4A6D-BF76-673EB9FEA8FF}.Release|Any CPU.Build.0 = Release|Any CPU
	EndGlobalSection
	GlobalSection(SolutionProperties) = preSolution
		HideSolutionNode = FALSE
	EndGlobalSection
	GlobalSection(ExtensibilityGlobals) = postSolution
		SolutionGuid = {3D00218D-FD58-46DB-BC96-2DD35D457020}
	EndGlobalSection
EndGlobal
